
Microsoft Visual Studio Solution File, Format Version 12.00
# Visual Studio Version 16
VisualStudioVersion = 16.0.31911.196
MinimumVisualStudioVersion = 10.0.40219.1
Project("{FAE04EC0-301F-11D3-BF4B-00C04F79EFBC}") = "Dutch National Flag Problem", "Dutch National Flag Problem\Dutch National Flag Problem.csproj", "{74142A70-7ABC-4951-80A1-5B88D3096365}"
EndProject
Global
	GlobalSection(SolutionConfigurationPlatforms) = preSolution
		Debug|Any CPU = Debug|Any CPU
		Release|Any CPU = Release|Any CPU
	EndGlobalSection
	GlobalSection(ProjectConfigurationPlatforms) = postSolution
		{74142A70-7ABC-4951-80A1-5B88D3096365}.Debug|Any CPU.ActiveCfg = Debug|Any CPU
		{74142A70-7ABC-4951-80A1-5B88D3096365}.Debug|Any CPU.Build.0 = Debug|Any CPU
		{74142A70-7ABC-4951-80A1-5B88D3096365}.Release|Any CPU.ActiveCfg = Release|Any CPU
		{74142A70-7ABC-4951-80A1-5B88D3096365}.Release|Any CPU.Build.0 = Release|Any CPU
	EndGlobalSection
	GlobalSection(SolutionProperties) = preSolution
		HideSolutionNode = FALSE
	EndGlobalSection
	GlobalSection(ExtensibilityGlobals) = postSolution
		SolutionGuid = {5C333437-065E-4ABF-B12A-6A9D318CA581}
	EndGlobalSection
EndGlobal
